// !$*UTF8*$!
{
	archiveVersion = 1;
	classes = {
	};
	objectVersion = 55;
	objects = {

/* Begin PBXBuildFile section */
		5D0643AE28494CB600CF0C9A /* TrashMobViewModel.swift in Sources */ = {isa = PBXBuildFile; fileRef = 5D0643AD28494CB600CF0C9A /* TrashMobViewModel.swift */; };
		D651D35E28355D7600703206 /* AvatarView.swift in Sources */ = {isa = PBXBuildFile; fileRef = D651D35D28355D7600703206 /* AvatarView.swift */; };
		D65937B1283D5A0900E50F45 /* SplashView.swift in Sources */ = {isa = PBXBuildFile; fileRef = D65937B0283D5A0900E50F45 /* SplashView.swift */; };
		D65937B3283D5A9800E50F45 /* ContentView.swift in Sources */ = {isa = PBXBuildFile; fileRef = D65937B2283D5A9800E50F45 /* ContentView.swift */; };
		D65937B5283D5B0800E50F45 /* MySettings.swift in Sources */ = {isa = PBXBuildFile; fileRef = D65937B4283D5B0800E50F45 /* MySettings.swift */; };
		D65937B7283D5B5E00E50F45 /* TargetATrashMob.swift in Sources */ = {isa = PBXBuildFile; fileRef = D65937B6283D5B5E00E50F45 /* TargetATrashMob.swift */; };
		D65937B9283D5BBC00E50F45 /* MapView.swift in Sources */ = {isa = PBXBuildFile; fileRef = D65937B8283D5BBC00E50F45 /* MapView.swift */; };
		D65937BB283D5BE300E50F45 /* MapViewModel.swift in Sources */ = {isa = PBXBuildFile; fileRef = D65937BA283D5BE300E50F45 /* MapViewModel.swift */; };
		D65937BD283D5C1A00E50F45 /* TrashMobModel.swift in Sources */ = {isa = PBXBuildFile; fileRef = D65937BC283D5C1A00E50F45 /* TrashMobModel.swift */; };
		D65937BF283D5C4200E50F45 /* UserModel.swift in Sources */ = {isa = PBXBuildFile; fileRef = D65937BE283D5C4200E50F45 /* UserModel.swift */; };
		D65937C3284011AC00E50F45 /* CameraViewModel.swift in Sources */ = {isa = PBXBuildFile; fileRef = D65937C2284011AC00E50F45 /* CameraViewModel.swift */; };
		D65937C52840124300E50F45 /* CameraView.swift in Sources */ = {isa = PBXBuildFile; fileRef = D65937C42840124300E50F45 /* CameraView.swift */; };
		D696D893282C23E7008B71ED /* CloudKitPushNotification.swift in Sources */ = {isa = PBXBuildFile; fileRef = D696D892282C23E7008B71ED /* CloudKitPushNotification.swift */; };
		D696D8B6282DA1A2008B71ED /* CameraService+Enums.swift in Sources */ = {isa = PBXBuildFile; fileRef = D696D8B5282DA1A2008B71ED /* CameraService+Enums.swift */; };
		D696D8B8282DA1FC008B71ED /* CameraService+Extensions.swift in Sources */ = {isa = PBXBuildFile; fileRef = D696D8B7282DA1FC008B71ED /* CameraService+Extensions.swift */; };
		D696D8BA282DA253008B71ED /* CameraService.swift in Sources */ = {isa = PBXBuildFile; fileRef = D696D8B9282DA253008B71ED /* CameraService.swift */; };
		D696D8BC282DA27A008B71ED /* ImageResizer.swift in Sources */ = {isa = PBXBuildFile; fileRef = D696D8BB282DA27A008B71ED /* ImageResizer.swift */; };
		D696D8BE282DA2AE008B71ED /* PhotoCaptureProcessor.swift in Sources */ = {isa = PBXBuildFile; fileRef = D696D8BD282DA2AE008B71ED /* PhotoCaptureProcessor.swift */; };
		D696D8C1282DA319008B71ED /* CameraPreview.swift in Sources */ = {isa = PBXBuildFile; fileRef = D696D8C0282DA319008B71ED /* CameraPreview.swift */; };
		D696D8C528311874008B71ED /* CloudKitUtility.swift in Sources */ = {isa = PBXBuildFile; fileRef = D696D8C428311874008B71ED /* CloudKitUtility.swift */; };
		D696D8C728326951008B71ED /* TrashMobFullscreenView.swift in Sources */ = {isa = PBXBuildFile; fileRef = D696D8C628326951008B71ED /* TrashMobFullscreenView.swift */; };
		D6A6A128284FD0600012FA55 /* TrashMobList.swift in Sources */ = {isa = PBXBuildFile; fileRef = D6A6A127284FD0600012FA55 /* TrashMobList.swift */; };
		D6A6A12A285262AF0012FA55 /* AttendeesButton.swift in Sources */ = {isa = PBXBuildFile; fileRef = D6A6A129285262AF0012FA55 /* AttendeesButton.swift */; };
		D6A6A12C285751310012FA55 /* CommentView.swift in Sources */ = {isa = PBXBuildFile; fileRef = D6A6A12B285751310012FA55 /* CommentView.swift */; };
		D6A6A12E28578B5C0012FA55 /* LovesButton.swift in Sources */ = {isa = PBXBuildFile; fileRef = D6A6A12D28578B5C0012FA55 /* LovesButton.swift */; };
		D6A6A130285793000012FA55 /* CommentsButton.swift in Sources */ = {isa = PBXBuildFile; fileRef = D6A6A12F285793000012FA55 /* CommentsButton.swift */; };
		D6A6A132285793600012FA55 /* TrashMobBackgroundImage.swift in Sources */ = {isa = PBXBuildFile; fileRef = D6A6A131285793600012FA55 /* TrashMobBackgroundImage.swift */; };
		D6A6A1362857976C0012FA55 /* TrashMobMapViewModel.swift in Sources */ = {isa = PBXBuildFile; fileRef = D6A6A1352857976C0012FA55 /* TrashMobMapViewModel.swift */; };
		D6A6A13828579C5A0012FA55 /* TrashMobMapView.swift in Sources */ = {isa = PBXBuildFile; fileRef = D6A6A13728579C5A0012FA55 /* TrashMobMapView.swift */; };
		D6A6A13A2857FF240012FA55 /* DatePickerView.swift in Sources */ = {isa = PBXBuildFile; fileRef = D6A6A1392857FF240012FA55 /* DatePickerView.swift */; };
		D6E9577A284E90E700D19873 /* TrashMobMapAnnotation.swift in Sources */ = {isa = PBXBuildFile; fileRef = D6E95779284E90E700D19873 /* TrashMobMapAnnotation.swift */; };
		D6F8DA6D28412ABD00DE19F9 /* TrashMobStateBubble.swift in Sources */ = {isa = PBXBuildFile; fileRef = D6F8DA6C28412ABD00DE19F9 /* TrashMobStateBubble.swift */; };
		D6F8DA6F28412CAF00DE19F9 /* CountdownBubble.swift in Sources */ = {isa = PBXBuildFile; fileRef = D6F8DA6E28412CAF00DE19F9 /* CountdownBubble.swift */; };
		D6F980F22815D4820073088D /* TrashMobApp.swift in Sources */ = {isa = PBXBuildFile; fileRef = D6F980F12815D4820073088D /* TrashMobApp.swift */; };
		D6F980F42815D4820073088D /* DefaultContentView.swift in Sources */ = {isa = PBXBuildFile; fileRef = D6F980F32815D4820073088D /* DefaultContentView.swift */; };
		D6F980F62815D4830073088D /* Assets.xcassets in Resources */ = {isa = PBXBuildFile; fileRef = D6F980F52815D4830073088D /* Assets.xcassets */; };
		D6F980F92815D4830073088D /* Preview Assets.xcassets in Resources */ = {isa = PBXBuildFile; fileRef = D6F980F82815D4830073088D /* Preview Assets.xcassets */; };
		D6F980FB2815D4830073088D /* Persistence.swift in Sources */ = {isa = PBXBuildFile; fileRef = D6F980FA2815D4830073088D /* Persistence.swift */; };
		D6F980FE2815D4830073088D /* TrashMob.xcdatamodeld in Sources */ = {isa = PBXBuildFile; fileRef = D6F980FC2815D4830073088D /* TrashMob.xcdatamodeld */; };
		D6F98109281728890073088D /* CloudKit.framework in Frameworks */ = {isa = PBXBuildFile; fileRef = D6F98108281728890073088D /* CloudKit.framework */; };
		D6F9810B28172FFA0073088D /* LoginView.swift in Sources */ = {isa = PBXBuildFile; fileRef = D6F9810A28172FFA0073088D /* LoginView.swift */; };
		D6F9810D28185BD00073088D /* CloudKitCRUDView.swift in Sources */ = {isa = PBXBuildFile; fileRef = D6F9810C28185BD00073088D /* CloudKitCRUDView.swift */; };
/* End PBXBuildFile section */

/* Begin PBXFileReference section */
		5D0643AD28494CB600CF0C9A /* TrashMobViewModel.swift */ = {isa = PBXFileReference; lastKnownFileType = sourcecode.swift; path = TrashMobViewModel.swift; sourceTree = "<group>"; };
		D651D35D28355D7600703206 /* AvatarView.swift */ = {isa = PBXFileReference; lastKnownFileType = sourcecode.swift; path = AvatarView.swift; sourceTree = "<group>"; };
		D65937B0283D5A0900E50F45 /* SplashView.swift */ = {isa = PBXFileReference; lastKnownFileType = sourcecode.swift; path = SplashView.swift; sourceTree = "<group>"; };
		D65937B2283D5A9800E50F45 /* ContentView.swift */ = {isa = PBXFileReference; lastKnownFileType = sourcecode.swift; path = ContentView.swift; sourceTree = "<group>"; };
		D65937B4283D5B0800E50F45 /* MySettings.swift */ = {isa = PBXFileReference; lastKnownFileType = sourcecode.swift; path = MySettings.swift; sourceTree = "<group>"; };
		D65937B6283D5B5E00E50F45 /* TargetATrashMob.swift */ = {isa = PBXFileReference; lastKnownFileType = sourcecode.swift; path = TargetATrashMob.swift; sourceTree = "<group>"; };
		D65937B8283D5BBC00E50F45 /* MapView.swift */ = {isa = PBXFileReference; lastKnownFileType = sourcecode.swift; path = MapView.swift; sourceTree = "<group>"; };
		D65937BA283D5BE300E50F45 /* MapViewModel.swift */ = {isa = PBXFileReference; lastKnownFileType = sourcecode.swift; path = MapViewModel.swift; sourceTree = "<group>"; };
		D65937BC283D5C1A00E50F45 /* TrashMobModel.swift */ = {isa = PBXFileReference; lastKnownFileType = sourcecode.swift; path = TrashMobModel.swift; sourceTree = "<group>"; };
		D65937BE283D5C4200E50F45 /* UserModel.swift */ = {isa = PBXFileReference; lastKnownFileType = sourcecode.swift; path = UserModel.swift; sourceTree = "<group>"; };
		D65937C2284011AC00E50F45 /* CameraViewModel.swift */ = {isa = PBXFileReference; lastKnownFileType = sourcecode.swift; path = CameraViewModel.swift; sourceTree = "<group>"; };
		D65937C42840124300E50F45 /* CameraView.swift */ = {isa = PBXFileReference; lastKnownFileType = sourcecode.swift; path = CameraView.swift; sourceTree = "<group>"; };
		D696D892282C23E7008B71ED /* CloudKitPushNotification.swift */ = {isa = PBXFileReference; lastKnownFileType = sourcecode.swift; path = CloudKitPushNotification.swift; sourceTree = "<group>"; };
		D696D8B5282DA1A2008B71ED /* CameraService+Enums.swift */ = {isa = PBXFileReference; lastKnownFileType = sourcecode.swift; path = "CameraService+Enums.swift"; sourceTree = "<group>"; };
		D696D8B7282DA1FC008B71ED /* CameraService+Extensions.swift */ = {isa = PBXFileReference; lastKnownFileType = sourcecode.swift; path = "CameraService+Extensions.swift"; sourceTree = "<group>"; };
		D696D8B9282DA253008B71ED /* CameraService.swift */ = {isa = PBXFileReference; lastKnownFileType = sourcecode.swift; path = CameraService.swift; sourceTree = "<group>"; };
		D696D8BB282DA27A008B71ED /* ImageResizer.swift */ = {isa = PBXFileReference; lastKnownFileType = sourcecode.swift; path = ImageResizer.swift; sourceTree = "<group>"; };
		D696D8BD282DA2AE008B71ED /* PhotoCaptureProcessor.swift */ = {isa = PBXFileReference; lastKnownFileType = sourcecode.swift; path = PhotoCaptureProcessor.swift; sourceTree = "<group>"; };
		D696D8C0282DA319008B71ED /* CameraPreview.swift */ = {isa = PBXFileReference; lastKnownFileType = sourcecode.swift; path = CameraPreview.swift; sourceTree = "<group>"; };
		D696D8C428311874008B71ED /* CloudKitUtility.swift */ = {isa = PBXFileReference; lastKnownFileType = sourcecode.swift; path = CloudKitUtility.swift; sourceTree = "<group>"; };
		D696D8C628326951008B71ED /* TrashMobFullscreenView.swift */ = {isa = PBXFileReference; lastKnownFileType = sourcecode.swift; path = TrashMobFullscreenView.swift; sourceTree = "<group>"; };
		D6A6A127284FD0600012FA55 /* TrashMobList.swift */ = {isa = PBXFileReference; lastKnownFileType = sourcecode.swift; path = TrashMobList.swift; sourceTree = "<group>"; };
		D6A6A129285262AF0012FA55 /* AttendeesButton.swift */ = {isa = PBXFileReference; lastKnownFileType = sourcecode.swift; path = AttendeesButton.swift; sourceTree = "<group>"; };
		D6A6A12B285751310012FA55 /* CommentView.swift */ = {isa = PBXFileReference; lastKnownFileType = sourcecode.swift; path = CommentView.swift; sourceTree = "<group>"; };
		D6A6A12D28578B5C0012FA55 /* LovesButton.swift */ = {isa = PBXFileReference; lastKnownFileType = sourcecode.swift; path = LovesButton.swift; sourceTree = "<group>"; };
		D6A6A12F285793000012FA55 /* CommentsButton.swift */ = {isa = PBXFileReference; lastKnownFileType = sourcecode.swift; path = CommentsButton.swift; sourceTree = "<group>"; };
		D6A6A131285793600012FA55 /* TrashMobBackgroundImage.swift */ = {isa = PBXFileReference; lastKnownFileType = sourcecode.swift; path = TrashMobBackgroundImage.swift; sourceTree = "<group>"; };
		D6A6A1352857976C0012FA55 /* TrashMobMapViewModel.swift */ = {isa = PBXFileReference; lastKnownFileType = sourcecode.swift; path = TrashMobMapViewModel.swift; sourceTree = "<group>"; };
		D6A6A13728579C5A0012FA55 /* TrashMobMapView.swift */ = {isa = PBXFileReference; lastKnownFileType = sourcecode.swift; path = TrashMobMapView.swift; sourceTree = "<group>"; };
		D6A6A1392857FF240012FA55 /* DatePickerView.swift */ = {isa = PBXFileReference; lastKnownFileType = sourcecode.swift; path = DatePickerView.swift; sourceTree = "<group>"; };
		D6E95779284E90E700D19873 /* TrashMobMapAnnotation.swift */ = {isa = PBXFileReference; lastKnownFileType = sourcecode.swift; path = TrashMobMapAnnotation.swift; sourceTree = "<group>"; };
		D6F8DA6C28412ABD00DE19F9 /* TrashMobStateBubble.swift */ = {isa = PBXFileReference; lastKnownFileType = sourcecode.swift; path = TrashMobStateBubble.swift; sourceTree = "<group>"; };
		D6F8DA6E28412CAF00DE19F9 /* CountdownBubble.swift */ = {isa = PBXFileReference; lastKnownFileType = sourcecode.swift; path = CountdownBubble.swift; sourceTree = "<group>"; };
		D6F980EE2815D4820073088D /* TrashMob.app */ = {isa = PBXFileReference; explicitFileType = wrapper.application; includeInIndex = 0; path = TrashMob.app; sourceTree = BUILT_PRODUCTS_DIR; };
		D6F980F12815D4820073088D /* TrashMobApp.swift */ = {isa = PBXFileReference; lastKnownFileType = sourcecode.swift; path = TrashMobApp.swift; sourceTree = "<group>"; };
		D6F980F32815D4820073088D /* DefaultContentView.swift */ = {isa = PBXFileReference; lastKnownFileType = sourcecode.swift; path = DefaultContentView.swift; sourceTree = "<group>"; };
		D6F980F52815D4830073088D /* Assets.xcassets */ = {isa = PBXFileReference; lastKnownFileType = folder.assetcatalog; path = Assets.xcassets; sourceTree = "<group>"; };
		D6F980F82815D4830073088D /* Preview Assets.xcassets */ = {isa = PBXFileReference; lastKnownFileType = folder.assetcatalog; path = "Preview Assets.xcassets"; sourceTree = "<group>"; };
		D6F980FA2815D4830073088D /* Persistence.swift */ = {isa = PBXFileReference; lastKnownFileType = sourcecode.swift; path = Persistence.swift; sourceTree = "<group>"; };
		D6F980FD2815D4830073088D /* TrashMob.xcdatamodel */ = {isa = PBXFileReference; lastKnownFileType = wrapper.xcdatamodel; path = TrashMob.xcdatamodel; sourceTree = "<group>"; };
		D6F98106281727180073088D /* TrashMob.entitlements */ = {isa = PBXFileReference; lastKnownFileType = text.plist.entitlements; path = TrashMob.entitlements; sourceTree = "<group>"; };
		D6F98108281728890073088D /* CloudKit.framework */ = {isa = PBXFileReference; lastKnownFileType = wrapper.framework; name = CloudKit.framework; path = System/Library/Frameworks/CloudKit.framework; sourceTree = SDKROOT; };
		D6F9810A28172FFA0073088D /* LoginView.swift */ = {isa = PBXFileReference; lastKnownFileType = sourcecode.swift; path = LoginView.swift; sourceTree = "<group>"; };
		D6F9810C28185BD00073088D /* CloudKitCRUDView.swift */ = {isa = PBXFileReference; lastKnownFileType = sourcecode.swift; path = CloudKitCRUDView.swift; sourceTree = "<group>"; };
		D6F9817B2822C9360073088D /* Info.plist */ = {isa = PBXFileReference; lastKnownFileType = text.plist; path = Info.plist; sourceTree = "<group>"; };
/* End PBXFileReference section */

/* Begin PBXFrameworksBuildPhase section */
		D6F980EB2815D4820073088D /* Frameworks */ = {
			isa = PBXFrameworksBuildPhase;
			buildActionMask = 2147483647;
			files = (
				D6F98109281728890073088D /* CloudKit.framework in Frameworks */,
			);
			runOnlyForDeploymentPostprocessing = 0;
		};
/* End PBXFrameworksBuildPhase section */

/* Begin PBXGroup section */
		D65937AF283D59E300E50F45 /* Main */ = {
			isa = PBXGroup;
			children = (
				D65937B0283D5A0900E50F45 /* SplashView.swift */,
				D65937B2283D5A9800E50F45 /* ContentView.swift */,
				D6A6A127284FD0600012FA55 /* TrashMobList.swift */,
				D65937B4283D5B0800E50F45 /* MySettings.swift */,
				D65937B6283D5B5E00E50F45 /* TargetATrashMob.swift */,
				D65937B8283D5BBC00E50F45 /* MapView.swift */,
				D6E95779284E90E700D19873 /* TrashMobMapAnnotation.swift */,
				D6A6A13728579C5A0012FA55 /* TrashMobMapView.swift */,
				D65937BA283D5BE300E50F45 /* MapViewModel.swift */,
				D6A6A1352857976C0012FA55 /* TrashMobMapViewModel.swift */,
				D65937BC283D5C1A00E50F45 /* TrashMobModel.swift */,
				5D0643AD28494CB600CF0C9A /* TrashMobViewModel.swift */,
				D65937BE283D5C4200E50F45 /* UserModel.swift */,
				D696D8C628326951008B71ED /* TrashMobFullscreenView.swift */,
				D6A6A131285793600012FA55 /* TrashMobBackgroundImage.swift */,
				D6F8DA6C28412ABD00DE19F9 /* TrashMobStateBubble.swift */,
				D6A6A1392857FF240012FA55 /* DatePickerView.swift */,
				D6F8DA6E28412CAF00DE19F9 /* CountdownBubble.swift */,
				D6A6A129285262AF0012FA55 /* AttendeesButton.swift */,
				D6A6A12D28578B5C0012FA55 /* LovesButton.swift */,
				D6A6A12F285793000012FA55 /* CommentsButton.swift */,
				D6A6A12B285751310012FA55 /* CommentView.swift */,
			);
			path = Main;
			sourceTree = "<group>";
		};
		D696D8B3282DA179008B71ED /* Camera */ = {
			isa = PBXGroup;
			children = (
				D696D8BF282DA2EF008B71ED /* view */,
				D696D8B4282DA180008B71ED /* service */,
			);
			path = Camera;
			sourceTree = "<group>";
		};
		D696D8B4282DA180008B71ED /* service */ = {
			isa = PBXGroup;
			children = (
				D696D8B5282DA1A2008B71ED /* CameraService+Enums.swift */,
				D696D8B7282DA1FC008B71ED /* CameraService+Extensions.swift */,
				D696D8B9282DA253008B71ED /* CameraService.swift */,
				D696D8BB282DA27A008B71ED /* ImageResizer.swift */,
				D696D8BD282DA2AE008B71ED /* PhotoCaptureProcessor.swift */,
			);
			path = service;
			sourceTree = "<group>";
		};
		D696D8BF282DA2EF008B71ED /* view */ = {
			isa = PBXGroup;
			children = (
				D696D8C0282DA319008B71ED /* CameraPreview.swift */,
				D65937C2284011AC00E50F45 /* CameraViewModel.swift */,
				D65937C42840124300E50F45 /* CameraView.swift */,
			);
			path = view;
			sourceTree = "<group>";
		};
		D6F980E52815D4820073088D = {
			isa = PBXGroup;
			children = (
				D6F980F02815D4820073088D /* TrashMob */,
				D6F980EF2815D4820073088D /* Products */,
				D6F98107281728890073088D /* Frameworks */,
			);
			sourceTree = "<group>";
		};
		D6F980EF2815D4820073088D /* Products */ = {
			isa = PBXGroup;
			children = (
				D6F980EE2815D4820073088D /* TrashMob.app */,
			);
			name = Products;
			sourceTree = "<group>";
		};
		D6F980F02815D4820073088D /* TrashMob */ = {
			isa = PBXGroup;
			children = (
				D6F9817B2822C9360073088D /* Info.plist */,
				D6F98106281727180073088D /* TrashMob.entitlements */,
				D6F980F12815D4820073088D /* TrashMobApp.swift */,
				D65937AF283D59E300E50F45 /* Main */,
				D696D8B3282DA179008B71ED /* Camera */,
				D6F981042815D7670073088D /* Core */,
				D6F98137282014E40073088D /* CKLoginCRUD */,
				D6F980F52815D4830073088D /* Assets.xcassets */,
				D6F980F72815D4830073088D /* Preview Content */,
				D651D35D28355D7600703206 /* AvatarView.swift */,
			);
			path = TrashMob;
			sourceTree = "<group>";
		};
		D6F980F72815D4830073088D /* Preview Content */ = {
			isa = PBXGroup;
			children = (
				D6F980F82815D4830073088D /* Preview Assets.xcassets */,
			);
			path = "Preview Content";
			sourceTree = "<group>";
		};
		D6F981042815D7670073088D /* Core */ = {
			isa = PBXGroup;
			children = (
				D6F980F32815D4820073088D /* DefaultContentView.swift */,
				D6F981052815D7790073088D /* data */,
			);
			path = Core;
			sourceTree = "<group>";
		};
		D6F981052815D7790073088D /* data */ = {
			isa = PBXGroup;
			children = (
				D6F9812328200AA40073088D /* coreData */,
			);
			path = data;
			sourceTree = "<group>";
		};
		D6F98107281728890073088D /* Frameworks */ = {
			isa = PBXGroup;
			children = (
				D6F98108281728890073088D /* CloudKit.framework */,
			);
			name = Frameworks;
			sourceTree = "<group>";
		};
		D6F9812328200AA40073088D /* coreData */ = {
			isa = PBXGroup;
			children = (
				D6F980FC2815D4830073088D /* TrashMob.xcdatamodeld */,
				D6F980FA2815D4830073088D /* Persistence.swift */,
			);
			path = coreData;
			sourceTree = "<group>";
		};
		D6F98137282014E40073088D /* CKLoginCRUD */ = {
			isa = PBXGroup;
			children = (
				D6F9810A28172FFA0073088D /* LoginView.swift */,
				D6F9810C28185BD00073088D /* CloudKitCRUDView.swift */,
				D696D892282C23E7008B71ED /* CloudKitPushNotification.swift */,
				D696D8C428311874008B71ED /* CloudKitUtility.swift */,
			);
			path = CKLoginCRUD;
			sourceTree = "<group>";
		};
/* End PBXGroup section */

/* Begin PBXNativeTarget section */
		D6F980ED2815D4820073088D /* TrashMob */ = {
			isa = PBXNativeTarget;
			buildConfigurationList = D6F981012815D4830073088D /* Build configuration list for PBXNativeTarget "TrashMob" */;
			buildPhases = (
				D6F980EA2815D4820073088D /* Sources */,
				D6F980EB2815D4820073088D /* Frameworks */,
				D6F980EC2815D4820073088D /* Resources */,
			);
			buildRules = (
			);
			dependencies = (
			);
			name = TrashMob;
			productName = TrashMob;
			productReference = D6F980EE2815D4820073088D /* TrashMob.app */;
			productType = "com.apple.product-type.application";
		};
/* End PBXNativeTarget section */

/* Begin PBXProject section */
		D6F980E62815D4820073088D /* Project object */ = {
			isa = PBXProject;
			attributes = {
				BuildIndependentTargetsInParallel = 1;
				LastSwiftUpdateCheck = 1330;
				LastUpgradeCheck = 1330;
				TargetAttributes = {
					D6F980ED2815D4820073088D = {
						CreatedOnToolsVersion = 13.3.1;
					};
				};
			};
			buildConfigurationList = D6F980E92815D4820073088D /* Build configuration list for PBXProject "TrashMob" */;
			compatibilityVersion = "Xcode 13.0";
			developmentRegion = en;
			hasScannedForEncodings = 0;
			knownRegions = (
				en,
				Base,
			);
			mainGroup = D6F980E52815D4820073088D;
			productRefGroup = D6F980EF2815D4820073088D /* Products */;
			projectDirPath = "";
			projectRoot = "";
			targets = (
				D6F980ED2815D4820073088D /* TrashMob */,
			);
		};
/* End PBXProject section */

/* Begin PBXResourcesBuildPhase section */
		D6F980EC2815D4820073088D /* Resources */ = {
			isa = PBXResourcesBuildPhase;
			buildActionMask = 2147483647;
			files = (
				D6F980F92815D4830073088D /* Preview Assets.xcassets in Resources */,
				D6F980F62815D4830073088D /* Assets.xcassets in Resources */,
			);
			runOnlyForDeploymentPostprocessing = 0;
		};
/* End PBXResourcesBuildPhase section */

/* Begin PBXSourcesBuildPhase section */
		D6F980EA2815D4820073088D /* Sources */ = {
			isa = PBXSourcesBuildPhase;
			buildActionMask = 2147483647;
			files = (
				D6F980FB2815D4830073088D /* Persistence.swift in Sources */,
				D696D8B6282DA1A2008B71ED /* CameraService+Enums.swift in Sources */,
				D696D893282C23E7008B71ED /* CloudKitPushNotification.swift in Sources */,
				D6F980FE2815D4830073088D /* TrashMob.xcdatamodeld in Sources */,
				D6A6A130285793000012FA55 /* CommentsButton.swift in Sources */,
				D651D35E28355D7600703206 /* AvatarView.swift in Sources */,
				D65937C3284011AC00E50F45 /* CameraViewModel.swift in Sources */,
				D6F980F42815D4820073088D /* DefaultContentView.swift in Sources */,
				D6F8DA6D28412ABD00DE19F9 /* TrashMobStateBubble.swift in Sources */,
				D65937B9283D5BBC00E50F45 /* MapView.swift in Sources */,
				D696D8C528311874008B71ED /* CloudKitUtility.swift in Sources */,
				D6A6A132285793600012FA55 /* TrashMobBackgroundImage.swift in Sources */,
				D65937BB283D5BE300E50F45 /* MapViewModel.swift in Sources */,
				D6A6A13A2857FF240012FA55 /* DatePickerView.swift in Sources */,
				D6A6A12A285262AF0012FA55 /* AttendeesButton.swift in Sources */,
				D696D8C728326951008B71ED /* TrashMobFullscreenView.swift in Sources */,
				D696D8BC282DA27A008B71ED /* ImageResizer.swift in Sources */,
				D6A6A1362857976C0012FA55 /* TrashMobMapViewModel.swift in Sources */,
				D6E9577A284E90E700D19873 /* TrashMobMapAnnotation.swift in Sources */,
				D65937C52840124300E50F45 /* CameraView.swift in Sources */,
				D696D8BE282DA2AE008B71ED /* PhotoCaptureProcessor.swift in Sources */,
				D65937BD283D5C1A00E50F45 /* TrashMobModel.swift in Sources */,
				D65937BF283D5C4200E50F45 /* UserModel.swift in Sources */,
				D6A6A128284FD0600012FA55 /* TrashMobList.swift in Sources */,
				D6A6A13828579C5A0012FA55 /* TrashMobMapView.swift in Sources */,
				D6F9810D28185BD00073088D /* CloudKitCRUDView.swift in Sources */,
				D6A6A12C285751310012FA55 /* CommentView.swift in Sources */,
				D696D8B8282DA1FC008B71ED /* CameraService+Extensions.swift in Sources */,
				5D0643AE28494CB600CF0C9A /* TrashMobViewModel.swift in Sources */,
				D6F9810B28172FFA0073088D /* LoginView.swift in Sources */,
				D65937B1283D5A0900E50F45 /* SplashView.swift in Sources */,
				D6F8DA6F28412CAF00DE19F9 /* CountdownBubble.swift in Sources */,
				D6A6A12E28578B5C0012FA55 /* LovesButton.swift in Sources */,
				D65937B3283D5A9800E50F45 /* ContentView.swift in Sources */,
				D696D8C1282DA319008B71ED /* CameraPreview.swift in Sources */,
				D6F980F22815D4820073088D /* TrashMobApp.swift in Sources */,
				D696D8BA282DA253008B71ED /* CameraService.swift in Sources */,
				D65937B5283D5B0800E50F45 /* MySettings.swift in Sources */,
				D65937B7283D5B5E00E50F45 /* TargetATrashMob.swift in Sources */,
			);
			runOnlyForDeploymentPostprocessing = 0;
		};
/* End PBXSourcesBuildPhase section */

/* Begin XCBuildConfiguration section */
		D6F980FF2815D4830073088D /* Debug */ = {
			isa = XCBuildConfiguration;
			buildSettings = {
				ALWAYS_SEARCH_USER_PATHS = NO;
				CLANG_ANALYZER_NONNULL = YES;
				CLANG_ANALYZER_NUMBER_OBJECT_CONVERSION = YES_AGGRESSIVE;
				CLANG_CXX_LANGUAGE_STANDARD = "gnu++17";
				CLANG_ENABLE_MODULES = YES;
				CLANG_ENABLE_OBJC_ARC = YES;
				CLANG_ENABLE_OBJC_WEAK = YES;
				CLANG_WARN_BLOCK_CAPTURE_AUTORELEASING = YES;
				CLANG_WARN_BOOL_CONVERSION = YES;
				CLANG_WARN_COMMA = YES;
				CLANG_WARN_CONSTANT_CONVERSION = YES;
				CLANG_WARN_DEPRECATED_OBJC_IMPLEMENTATIONS = YES;
				CLANG_WARN_DIRECT_OBJC_ISA_USAGE = YES_ERROR;
				CLANG_WARN_DOCUMENTATION_COMMENTS = YES;
				CLANG_WARN_EMPTY_BODY = YES;
				CLANG_WARN_ENUM_CONVERSION = YES;
				CLANG_WARN_INFINITE_RECURSION = YES;
				CLANG_WARN_INT_CONVERSION = YES;
				CLANG_WARN_NON_LITERAL_NULL_CONVERSION = YES;
				CLANG_WARN_OBJC_IMPLICIT_RETAIN_SELF = YES;
				CLANG_WARN_OBJC_LITERAL_CONVERSION = YES;
				CLANG_WARN_OBJC_ROOT_CLASS = YES_ERROR;
				CLANG_WARN_QUOTED_INCLUDE_IN_FRAMEWORK_HEADER = YES;
				CLANG_WARN_RANGE_LOOP_ANALYSIS = YES;
				CLANG_WARN_STRICT_PROTOTYPES = YES;
				CLANG_WARN_SUSPICIOUS_MOVE = YES;
				CLANG_WARN_UNGUARDED_AVAILABILITY = YES_AGGRESSIVE;
				CLANG_WARN_UNREACHABLE_CODE = YES;
				CLANG_WARN__DUPLICATE_METHOD_MATCH = YES;
				COPY_PHASE_STRIP = NO;
				DEBUG_INFORMATION_FORMAT = dwarf;
				ENABLE_STRICT_OBJC_MSGSEND = YES;
				ENABLE_TESTABILITY = YES;
				GCC_C_LANGUAGE_STANDARD = gnu11;
				GCC_DYNAMIC_NO_PIC = NO;
				GCC_NO_COMMON_BLOCKS = YES;
				GCC_OPTIMIZATION_LEVEL = 0;
				GCC_PREPROCESSOR_DEFINITIONS = (
					"DEBUG=1",
					"$(inherited)",
				);
				GCC_WARN_64_TO_32_BIT_CONVERSION = YES;
				GCC_WARN_ABOUT_RETURN_TYPE = YES_ERROR;
				GCC_WARN_UNDECLARED_SELECTOR = YES;
				GCC_WARN_UNINITIALIZED_AUTOS = YES_AGGRESSIVE;
				GCC_WARN_UNUSED_FUNCTION = YES;
				GCC_WARN_UNUSED_VARIABLE = YES;
				IPHONEOS_DEPLOYMENT_TARGET = 15.4;
				MTL_ENABLE_DEBUG_INFO = INCLUDE_SOURCE;
				MTL_FAST_MATH = YES;
				ONLY_ACTIVE_ARCH = YES;
				SDKROOT = iphoneos;
				SWIFT_ACTIVE_COMPILATION_CONDITIONS = DEBUG;
				SWIFT_OPTIMIZATION_LEVEL = "-Onone";
			};
			name = Debug;
		};
		D6F981002815D4830073088D /* Release */ = {
			isa = XCBuildConfiguration;
			buildSettings = {
				ALWAYS_SEARCH_USER_PATHS = NO;
				CLANG_ANALYZER_NONNULL = YES;
				CLANG_ANALYZER_NUMBER_OBJECT_CONVERSION = YES_AGGRESSIVE;
				CLANG_CXX_LANGUAGE_STANDARD = "gnu++17";
				CLANG_ENABLE_MODULES = YES;
				CLANG_ENABLE_OBJC_ARC = YES;
				CLANG_ENABLE_OBJC_WEAK = YES;
				CLANG_WARN_BLOCK_CAPTURE_AUTORELEASING = YES;
				CLANG_WARN_BOOL_CONVERSION = YES;
				CLANG_WARN_COMMA = YES;
				CLANG_WARN_CONSTANT_CONVERSION = YES;
				CLANG_WARN_DEPRECATED_OBJC_IMPLEMENTATIONS = YES;
				CLANG_WARN_DIRECT_OBJC_ISA_USAGE = YES_ERROR;
				CLANG_WARN_DOCUMENTATION_COMMENTS = YES;
				CLANG_WARN_EMPTY_BODY = YES;
				CLANG_WARN_ENUM_CONVERSION = YES;
				CLANG_WARN_INFINITE_RECURSION = YES;
				CLANG_WARN_INT_CONVERSION = YES;
				CLANG_WARN_NON_LITERAL_NULL_CONVERSION = YES;
				CLANG_WARN_OBJC_IMPLICIT_RETAIN_SELF = YES;
				CLANG_WARN_OBJC_LITERAL_CONVERSION = YES;
				CLANG_WARN_OBJC_ROOT_CLASS = YES_ERROR;
				CLANG_WARN_QUOTED_INCLUDE_IN_FRAMEWORK_HEADER = YES;
				CLANG_WARN_RANGE_LOOP_ANALYSIS = YES;
				CLANG_WARN_STRICT_PROTOTYPES = YES;
				CLANG_WARN_SUSPICIOUS_MOVE = YES;
				CLANG_WARN_UNGUARDED_AVAILABILITY = YES_AGGRESSIVE;
				CLANG_WARN_UNREACHABLE_CODE = YES;
				CLANG_WARN__DUPLICATE_METHOD_MATCH = YES;
				COPY_PHASE_STRIP = NO;
				DEBUG_INFORMATION_FORMAT = "dwarf-with-dsym";
				ENABLE_NS_ASSERTIONS = NO;
				ENABLE_STRICT_OBJC_MSGSEND = YES;
				GCC_C_LANGUAGE_STANDARD = gnu11;
				GCC_NO_COMMON_BLOCKS = YES;
				GCC_WARN_64_TO_32_BIT_CONVERSION = YES;
				GCC_WARN_ABOUT_RETURN_TYPE = YES_ERROR;
				GCC_WARN_UNDECLARED_SELECTOR = YES;
				GCC_WARN_UNINITIALIZED_AUTOS = YES_AGGRESSIVE;
				GCC_WARN_UNUSED_FUNCTION = YES;
				GCC_WARN_UNUSED_VARIABLE = YES;
				IPHONEOS_DEPLOYMENT_TARGET = 15.4;
				MTL_ENABLE_DEBUG_INFO = NO;
				MTL_FAST_MATH = YES;
				SDKROOT = iphoneos;
				SWIFT_COMPILATION_MODE = wholemodule;
				SWIFT_OPTIMIZATION_LEVEL = "-O";
				VALIDATE_PRODUCT = YES;
			};
			name = Release;
		};
		D6F981022815D4830073088D /* Debug */ = {
			isa = XCBuildConfiguration;
			buildSettings = {
				ASSETCATALOG_COMPILER_APPICON_NAME = AppIcon;
				ASSETCATALOG_COMPILER_GLOBAL_ACCENT_COLOR_NAME = AccentColor;
				CODE_SIGN_ENTITLEMENTS = TrashMob/TrashMob.entitlements;
				CODE_SIGN_STYLE = Automatic;
				CURRENT_PROJECT_VERSION = 1;
				DEVELOPMENT_ASSET_PATHS = "\"TrashMob/Preview Content\"";
				DEVELOPMENT_TEAM = 588PCRUA35;
				ENABLE_PREVIEWS = YES;
				GENERATE_INFOPLIST_FILE = YES;
				INFOPLIST_FILE = TrashMob/Info.plist;
				INFOPLIST_KEY_NSCameraUsageDescription = "This app uses your camera to take take before and after pictures of trash pickups";
				INFOPLIST_KEY_NSLocationWhenInUseUsageDescription = "This app uses your location to find and create TrashMobs near you";
				INFOPLIST_KEY_UIApplicationSupportsIndirectInputEvents = YES;
				INFOPLIST_KEY_UILaunchScreen_Generation = YES;
				INFOPLIST_KEY_UIStatusBarHidden = YES;
				INFOPLIST_KEY_UISupportedInterfaceOrientations = "UIInterfaceOrientationPortrait UIInterfaceOrientationLandscapeLeft UIInterfaceOrientationLandscapeRight";
				INFOPLIST_KEY_UISupportedInterfaceOrientations_iPad = "UIInterfaceOrientationPortrait UIInterfaceOrientationPortraitUpsideDown UIInterfaceOrientationLandscapeLeft UIInterfaceOrientationLandscapeRight";
				INFOPLIST_KEY_UISupportedInterfaceOrientations_iPhone = "UIInterfaceOrientationPortrait UIInterfaceOrientationLandscapeLeft UIInterfaceOrientationLandscapeRight";
				LD_RUNPATH_SEARCH_PATHS = (
					"$(inherited)",
					"@executable_path/Frameworks",
				);
				MARKETING_VERSION = 0.1.0;
				PRODUCT_BUNDLE_IDENTIFIER = com.academy.TrashMob;
				PRODUCT_NAME = "$(TARGET_NAME)";
				SWIFT_EMIT_LOC_STRINGS = YES;
				SWIFT_VERSION = 5.0;
				TARGETED_DEVICE_FAMILY = "1,2";
			};
			name = Debug;
		};
		D6F981032815D4830073088D /* Release */ = {
			isa = XCBuildConfiguration;
			buildSettings = {
				ASSETCATALOG_COMPILER_APPICON_NAME = AppIcon;
				ASSETCATALOG_COMPILER_GLOBAL_ACCENT_COLOR_NAME = AccentColor;
				CODE_SIGN_ENTITLEMENTS = TrashMob/TrashMob.entitlements;
				CODE_SIGN_STYLE = Automatic;
				CURRENT_PROJECT_VERSION = 1;
				DEVELOPMENT_ASSET_PATHS = "\"TrashMob/Preview Content\"";
				DEVELOPMENT_TEAM = 588PCRUA35;
				ENABLE_PREVIEWS = YES;
				GENERATE_INFOPLIST_FILE = YES;
				INFOPLIST_FILE = TrashMob/Info.plist;
				INFOPLIST_KEY_NSCameraUsageDescription = "This app uses your camera to take take before and after pictures of trash pickups";
				INFOPLIST_KEY_NSLocationWhenInUseUsageDescription = "This app uses your location to find and create TrashMobs near you";
				INFOPLIST_KEY_UIApplicationSupportsIndirectInputEvents = YES;
				INFOPLIST_KEY_UILaunchScreen_Generation = YES;
				INFOPLIST_KEY_UIStatusBarHidden = YES;
				INFOPLIST_KEY_UISupportedInterfaceOrientations = "UIInterfaceOrientationPortrait UIInterfaceOrientationLandscapeLeft UIInterfaceOrientationLandscapeRight";
				INFOPLIST_KEY_UISupportedInterfaceOrientations_iPad = "UIInterfaceOrientationPortrait UIInterfaceOrientationPortraitUpsideDown UIInterfaceOrientationLandscapeLeft UIInterfaceOrientationLandscapeRight";
				INFOPLIST_KEY_UISupportedInterfaceOrientations_iPhone = "UIInterfaceOrientationPortrait UIInterfaceOrientationLandscapeLeft UIInterfaceOrientationLandscapeRight";
				LD_RUNPATH_SEARCH_PATHS = (
					"$(inherited)",
					"@executable_path/Frameworks",
				);
				MARKETING_VERSION = 0.1.0;
				PRODUCT_BUNDLE_IDENTIFIER = com.academy.TrashMob;
				PRODUCT_NAME = "$(TARGET_NAME)";
				SWIFT_EMIT_LOC_STRINGS = YES;
				SWIFT_VERSION = 5.0;
				TARGETED_DEVICE_FAMILY = "1,2";
			};
			name = Release;
		};
/* End XCBuildConfiguration section */

/* Begin XCConfigurationList section */
		D6F980E92815D4820073088D /* Build configuration list for PBXProject "TrashMob" */ = {
			isa = XCConfigurationList;
			buildConfigurations = (
				D6F980FF2815D4830073088D /* Debug */,
				D6F981002815D4830073088D /* Release */,
			);
			defaultConfigurationIsVisible = 0;
			defaultConfigurationName = Release;
		};
		D6F981012815D4830073088D /* Build configuration list for PBXNativeTarget "TrashMob" */ = {
			isa = XCConfigurationList;
			buildConfigurations = (
				D6F981022815D4830073088D /* Debug */,
				D6F981032815D4830073088D /* Release */,
			);
			defaultConfigurationIsVisible = 0;
			defaultConfigurationName = Release;
		};
/* End XCConfigurationList section */

/* Begin XCVersionGroup section */
		D6F980FC2815D4830073088D /* TrashMob.xcdatamodeld */ = {
			isa = XCVersionGroup;
			children = (
				D6F980FD2815D4830073088D /* TrashMob.xcdatamodel */,
			);
			currentVersion = D6F980FD2815D4830073088D /* TrashMob.xcdatamodel */;
			path = TrashMob.xcdatamodeld;
			sourceTree = "<group>";
			versionGroupType = wrapper.xcdatamodel;
		};
/* End XCVersionGroup section */
	};
	rootObject = D6F980E62815D4820073088D /* Project object */;
}
