// !$*UTF8*$!
{
	archiveVersion = 1;
	classes = {
	};
	objectVersion = 55;
	objects = {

/* Begin PBXBuildFile section */
		D6F980F22815D4820073088D /* TrashMobApp.swift in Sources */ = {isa = PBXBuildFile; fileRef = D6F980F12815D4820073088D /* TrashMobApp.swift */; };
		D6F980F42815D4820073088D /* ContentView.swift in Sources */ = {isa = PBXBuildFile; fileRef = D6F980F32815D4820073088D /* ContentView.swift */; };
		D6F980F62815D4830073088D /* Assets.xcassets in Resources */ = {isa = PBXBuildFile; fileRef = D6F980F52815D4830073088D /* Assets.xcassets */; };
		D6F980F92815D4830073088D /* Preview Assets.xcassets in Resources */ = {isa = PBXBuildFile; fileRef = D6F980F82815D4830073088D /* Preview Assets.xcassets */; };
		D6F980FB2815D4830073088D /* Persistence.swift in Sources */ = {isa = PBXBuildFile; fileRef = D6F980FA2815D4830073088D /* Persistence.swift */; };
		D6F980FE2815D4830073088D /* TrashMob.xcdatamodeld in Sources */ = {isa = PBXBuildFile; fileRef = D6F980FC2815D4830073088D /* TrashMob.xcdatamodeld */; };
		D6F98109281728890073088D /* CloudKit.framework in Frameworks */ = {isa = PBXBuildFile; fileRef = D6F98108281728890073088D /* CloudKit.framework */; };
		D6F9810B28172FFA0073088D /* LoginView.swift in Sources */ = {isa = PBXBuildFile; fileRef = D6F9810A28172FFA0073088D /* LoginView.swift */; };
		D6F9810D28185BD00073088D /* CloudKitCRUDView.swift in Sources */ = {isa = PBXBuildFile; fileRef = D6F9810C28185BD00073088D /* CloudKitCRUDView.swift */; };
		D6F98110281B1C280073088D /* CameraError.swift in Sources */ = {isa = PBXBuildFile; fileRef = D6F9810F281B1C280073088D /* CameraError.swift */; };
		D6F98112281B1C700073088D /* CGImageExtension.swift in Sources */ = {isa = PBXBuildFile; fileRef = D6F98111281B1C700073088D /* CGImageExtension.swift */; };
		D6F98114281B1CC60073088D /* TakePictureView.swift in Sources */ = {isa = PBXBuildFile; fileRef = D6F98113281B1CC60073088D /* TakePictureView.swift */; };
		D6F98116281B1D290073088D /* ControlView.swift in Sources */ = {isa = PBXBuildFile; fileRef = D6F98115281B1D290073088D /* ControlView.swift */; };
		D6F98118281B1D790073088D /* ErrorView.swift in Sources */ = {isa = PBXBuildFile; fileRef = D6F98117281B1D790073088D /* ErrorView.swift */; };
		D6F9811A281B1E100073088D /* ToggleButton.swift in Sources */ = {isa = PBXBuildFile; fileRef = D6F98119281B1E100073088D /* ToggleButton.swift */; };
/* End PBXBuildFile section */

/* Begin PBXFileReference section */
		D6F980EE2815D4820073088D /* TrashMob.app */ = {isa = PBXFileReference; explicitFileType = wrapper.application; includeInIndex = 0; path = TrashMob.app; sourceTree = BUILT_PRODUCTS_DIR; };
		D6F980F12815D4820073088D /* TrashMobApp.swift */ = {isa = PBXFileReference; lastKnownFileType = sourcecode.swift; path = TrashMobApp.swift; sourceTree = "<group>"; };
		D6F980F32815D4820073088D /* ContentView.swift */ = {isa = PBXFileReference; lastKnownFileType = sourcecode.swift; path = ContentView.swift; sourceTree = "<group>"; };
		D6F980F52815D4830073088D /* Assets.xcassets */ = {isa = PBXFileReference; lastKnownFileType = folder.assetcatalog; path = Assets.xcassets; sourceTree = "<group>"; };
		D6F980F82815D4830073088D /* Preview Assets.xcassets */ = {isa = PBXFileReference; lastKnownFileType = folder.assetcatalog; path = "Preview Assets.xcassets"; sourceTree = "<group>"; };
		D6F980FA2815D4830073088D /* Persistence.swift */ = {isa = PBXFileReference; lastKnownFileType = sourcecode.swift; path = Persistence.swift; sourceTree = "<group>"; };
		D6F980FD2815D4830073088D /* TrashMob.xcdatamodel */ = {isa = PBXFileReference; lastKnownFileType = wrapper.xcdatamodel; path = TrashMob.xcdatamodel; sourceTree = "<group>"; };
		D6F98106281727180073088D /* TrashMob.entitlements */ = {isa = PBXFileReference; lastKnownFileType = text.plist.entitlements; path = TrashMob.entitlements; sourceTree = "<group>"; };
		D6F98108281728890073088D /* CloudKit.framework */ = {isa = PBXFileReference; lastKnownFileType = wrapper.framework; name = CloudKit.framework; path = System/Library/Frameworks/CloudKit.framework; sourceTree = SDKROOT; };
		D6F9810A28172FFA0073088D /* LoginView.swift */ = {isa = PBXFileReference; lastKnownFileType = sourcecode.swift; path = LoginView.swift; sourceTree = "<group>"; };
		D6F9810C28185BD00073088D /* CloudKitCRUDView.swift */ = {isa = PBXFileReference; lastKnownFileType = sourcecode.swift; path = CloudKitCRUDView.swift; sourceTree = "<group>"; };
		D6F9810F281B1C280073088D /* CameraError.swift */ = {isa = PBXFileReference; lastKnownFileType = sourcecode.swift; path = CameraError.swift; sourceTree = "<group>"; };
		D6F98111281B1C700073088D /* CGImageExtension.swift */ = {isa = PBXFileReference; lastKnownFileType = sourcecode.swift; path = CGImageExtension.swift; sourceTree = "<group>"; };
		D6F98113281B1CC60073088D /* TakePictureView.swift */ = {isa = PBXFileReference; lastKnownFileType = sourcecode.swift; path = TakePictureView.swift; sourceTree = "<group>"; };
		D6F98115281B1D290073088D /* ControlView.swift */ = {isa = PBXFileReference; lastKnownFileType = sourcecode.swift; path = ControlView.swift; sourceTree = "<group>"; };
		D6F98117281B1D790073088D /* ErrorView.swift */ = {isa = PBXFileReference; lastKnownFileType = sourcecode.swift; path = ErrorView.swift; sourceTree = "<group>"; };
		D6F98119281B1E100073088D /* ToggleButton.swift */ = {isa = PBXFileReference; lastKnownFileType = sourcecode.swift; path = ToggleButton.swift; sourceTree = "<group>"; };
/* End PBXFileReference section */

/* Begin PBXFrameworksBuildPhase section */
		D6F980EB2815D4820073088D /* Frameworks */ = {
			isa = PBXFrameworksBuildPhase;
			buildActionMask = 2147483647;
			files = (
				D6F98109281728890073088D /* CloudKit.framework in Frameworks */,
			);
			runOnlyForDeploymentPostprocessing = 0;
		};
/* End PBXFrameworksBuildPhase section */

/* Begin PBXGroup section */
		D6F980E52815D4820073088D = {
			isa = PBXGroup;
			children = (
				D6F980F02815D4820073088D /* TrashMob */,
				D6F980EF2815D4820073088D /* Products */,
				D6F98107281728890073088D /* Frameworks */,
			);
			sourceTree = "<group>";
		};
		D6F980EF2815D4820073088D /* Products */ = {
			isa = PBXGroup;
			children = (
				D6F980EE2815D4820073088D /* TrashMob.app */,
			);
			name = Products;
			sourceTree = "<group>";
		};
		D6F980F02815D4820073088D /* TrashMob */ = {
			isa = PBXGroup;
			children = (
				D6F98106281727180073088D /* TrashMob.entitlements */,
				D6F981042815D7670073088D /* Core */,
				D6F980F12815D4820073088D /* TrashMobApp.swift */,
				D6F980F32815D4820073088D /* ContentView.swift */,
				D6F9810A28172FFA0073088D /* LoginView.swift */,
				D6F9810C28185BD00073088D /* CloudKitCRUDView.swift */,
				D6F9810E281B1BD40073088D /* TakePicture */,
				D6F980F52815D4830073088D /* Assets.xcassets */,
				D6F980FA2815D4830073088D /* Persistence.swift */,
				D6F980FC2815D4830073088D /* TrashMob.xcdatamodeld */,
				D6F980F72815D4830073088D /* Preview Content */,
			);
			path = TrashMob;
			sourceTree = "<group>";
		};
		D6F980F72815D4830073088D /* Preview Content */ = {
			isa = PBXGroup;
			children = (
				D6F980F82815D4830073088D /* Preview Assets.xcassets */,
			);
			path = "Preview Content";
			sourceTree = "<group>";
		};
		D6F981042815D7670073088D /* Core */ = {
			isa = PBXGroup;
			children = (
				D6F981052815D7790073088D /* data */,
			);
			path = Core;
			sourceTree = "<group>";
		};
		D6F981052815D7790073088D /* data */ = {
			isa = PBXGroup;
			children = (
			);
			path = data;
			sourceTree = "<group>";
		};
		D6F98107281728890073088D /* Frameworks */ = {
			isa = PBXGroup;
			children = (
				D6F98108281728890073088D /* CloudKit.framework */,
			);
			name = Frameworks;
			sourceTree = "<group>";
		};
		D6F9810E281B1BD40073088D /* TakePicture */ = {
			isa = PBXGroup;
			children = (
				D6F9810F281B1C280073088D /* CameraError.swift */,
				D6F98111281B1C700073088D /* CGImageExtension.swift */,
				D6F98113281B1CC60073088D /* TakePictureView.swift */,
				D6F98115281B1D290073088D /* ControlView.swift */,
				D6F98117281B1D790073088D /* ErrorView.swift */,
				D6F98119281B1E100073088D /* ToggleButton.swift */,
			);
			path = TakePicture;
			sourceTree = "<group>";
		};
/* End PBXGroup section */

/* Begin PBXNativeTarget section */
		D6F980ED2815D4820073088D /* TrashMob */ = {
			isa = PBXNativeTarget;
			buildConfigurationList = D6F981012815D4830073088D /* Build configuration list for PBXNativeTarget "TrashMob" */;
			buildPhases = (
				D6F980EA2815D4820073088D /* Sources */,
				D6F980EB2815D4820073088D /* Frameworks */,
				D6F980EC2815D4820073088D /* Resources */,
			);
			buildRules = (
			);
			dependencies = (
			);
			name = TrashMob;
			productName = TrashMob;
			productReference = D6F980EE2815D4820073088D /* TrashMob.app */;
			productType = "com.apple.product-type.application";
		};
/* End PBXNativeTarget section */

/* Begin PBXProject section */
		D6F980E62815D4820073088D /* Project object */ = {
			isa = PBXProject;
			attributes = {
				BuildIndependentTargetsInParallel = 1;
				LastSwiftUpdateCheck = 1330;
				LastUpgradeCheck = 1330;
				TargetAttributes = {
					D6F980ED2815D4820073088D = {
						CreatedOnToolsVersion = 13.3.1;
					};
				};
			};
			buildConfigurationList = D6F980E92815D4820073088D /* Build configuration list for PBXProject "TrashMob" */;
			compatibilityVersion = "Xcode 13.0";
			developmentRegion = en;
			hasScannedForEncodings = 0;
			knownRegions = (
				en,
				Base,
			);
			mainGroup = D6F980E52815D4820073088D;
			productRefGroup = D6F980EF2815D4820073088D /* Products */;
			projectDirPath = "";
			projectRoot = "";
			targets = (
				D6F980ED2815D4820073088D /* TrashMob */,
			);
		};
/* End PBXProject section */

/* Begin PBXResourcesBuildPhase section */
		D6F980EC2815D4820073088D /* Resources */ = {
			isa = PBXResourcesBuildPhase;
			buildActionMask = 2147483647;
			files = (
				D6F980F92815D4830073088D /* Preview Assets.xcassets in Resources */,
				D6F980F62815D4830073088D /* Assets.xcassets in Resources */,
			);
			runOnlyForDeploymentPostprocessing = 0;
		};
/* End PBXResourcesBuildPhase section */

/* Begin PBXSourcesBuildPhase section */
		D6F980EA2815D4820073088D /* Sources */ = {
			isa = PBXSourcesBuildPhase;
			buildActionMask = 2147483647;
			files = (
				D6F980FB2815D4830073088D /* Persistence.swift in Sources */,
				D6F980FE2815D4830073088D /* TrashMob.xcdatamodeld in Sources */,
				D6F980F42815D4820073088D /* ContentView.swift in Sources */,
				D6F98112281B1C700073088D /* CGImageExtension.swift in Sources */,
				D6F98116281B1D290073088D /* ControlView.swift in Sources */,
				D6F9810D28185BD00073088D /* CloudKitCRUDView.swift in Sources */,
				D6F9810B28172FFA0073088D /* LoginView.swift in Sources */,
				D6F9811A281B1E100073088D /* ToggleButton.swift in Sources */,
				D6F980F22815D4820073088D /* TrashMobApp.swift in Sources */,
				D6F98110281B1C280073088D /* CameraError.swift in Sources */,
				D6F98114281B1CC60073088D /* TakePictureView.swift in Sources */,
				D6F98118281B1D790073088D /* ErrorView.swift in Sources */,
			);
			runOnlyForDeploymentPostprocessing = 0;
		};
/* End PBXSourcesBuildPhase section */

/* Begin XCBuildConfiguration section */
		D6F980FF2815D4830073088D /* Debug */ = {
			isa = XCBuildConfiguration;
			buildSettings = {
				ALWAYS_SEARCH_USER_PATHS = NO;
				CLANG_ANALYZER_NONNULL = YES;
				CLANG_ANALYZER_NUMBER_OBJECT_CONVERSION = YES_AGGRESSIVE;
				CLANG_CXX_LANGUAGE_STANDARD = "gnu++17";
				CLANG_ENABLE_MODULES = YES;
				CLANG_ENABLE_OBJC_ARC = YES;
				CLANG_ENABLE_OBJC_WEAK = YES;
				CLANG_WARN_BLOCK_CAPTURE_AUTORELEASING = YES;
				CLANG_WARN_BOOL_CONVERSION = YES;
				CLANG_WARN_COMMA = YES;
				CLANG_WARN_CONSTANT_CONVERSION = YES;
				CLANG_WARN_DEPRECATED_OBJC_IMPLEMENTATIONS = YES;
				CLANG_WARN_DIRECT_OBJC_ISA_USAGE = YES_ERROR;
				CLANG_WARN_DOCUMENTATION_COMMENTS = YES;
				CLANG_WARN_EMPTY_BODY = YES;
				CLANG_WARN_ENUM_CONVERSION = YES;
				CLANG_WARN_INFINITE_RECURSION = YES;
				CLANG_WARN_INT_CONVERSION = YES;
				CLANG_WARN_NON_LITERAL_NULL_CONVERSION = YES;
				CLANG_WARN_OBJC_IMPLICIT_RETAIN_SELF = YES;
				CLANG_WARN_OBJC_LITERAL_CONVERSION = YES;
				CLANG_WARN_OBJC_ROOT_CLASS = YES_ERROR;
				CLANG_WARN_QUOTED_INCLUDE_IN_FRAMEWORK_HEADER = YES;
				CLANG_WARN_RANGE_LOOP_ANALYSIS = YES;
				CLANG_WARN_STRICT_PROTOTYPES = YES;
				CLANG_WARN_SUSPICIOUS_MOVE = YES;
				CLANG_WARN_UNGUARDED_AVAILABILITY = YES_AGGRESSIVE;
				CLANG_WARN_UNREACHABLE_CODE = YES;
				CLANG_WARN__DUPLICATE_METHOD_MATCH = YES;
				COPY_PHASE_STRIP = NO;
				DEBUG_INFORMATION_FORMAT = dwarf;
				ENABLE_STRICT_OBJC_MSGSEND = YES;
				ENABLE_TESTABILITY = YES;
				GCC_C_LANGUAGE_STANDARD = gnu11;
				GCC_DYNAMIC_NO_PIC = NO;
				GCC_NO_COMMON_BLOCKS = YES;
				GCC_OPTIMIZATION_LEVEL = 0;
				GCC_PREPROCESSOR_DEFINITIONS = (
					"DEBUG=1",
					"$(inherited)",
				);
				GCC_WARN_64_TO_32_BIT_CONVERSION = YES;
				GCC_WARN_ABOUT_RETURN_TYPE = YES_ERROR;
				GCC_WARN_UNDECLARED_SELECTOR = YES;
				GCC_WARN_UNINITIALIZED_AUTOS = YES_AGGRESSIVE;
				GCC_WARN_UNUSED_FUNCTION = YES;
				GCC_WARN_UNUSED_VARIABLE = YES;
				IPHONEOS_DEPLOYMENT_TARGET = 15.4;
				MTL_ENABLE_DEBUG_INFO = INCLUDE_SOURCE;
				MTL_FAST_MATH = YES;
				ONLY_ACTIVE_ARCH = YES;
				SDKROOT = iphoneos;
				SWIFT_ACTIVE_COMPILATION_CONDITIONS = DEBUG;
				SWIFT_OPTIMIZATION_LEVEL = "-Onone";
			};
			name = Debug;
		};
		D6F981002815D4830073088D /* Release */ = {
			isa = XCBuildConfiguration;
			buildSettings = {
				ALWAYS_SEARCH_USER_PATHS = NO;
				CLANG_ANALYZER_NONNULL = YES;
				CLANG_ANALYZER_NUMBER_OBJECT_CONVERSION = YES_AGGRESSIVE;
				CLANG_CXX_LANGUAGE_STANDARD = "gnu++17";
				CLANG_ENABLE_MODULES = YES;
				CLANG_ENABLE_OBJC_ARC = YES;
				CLANG_ENABLE_OBJC_WEAK = YES;
				CLANG_WARN_BLOCK_CAPTURE_AUTORELEASING = YES;
				CLANG_WARN_BOOL_CONVERSION = YES;
				CLANG_WARN_COMMA = YES;
				CLANG_WARN_CONSTANT_CONVERSION = YES;
				CLANG_WARN_DEPRECATED_OBJC_IMPLEMENTATIONS = YES;
				CLANG_WARN_DIRECT_OBJC_ISA_USAGE = YES_ERROR;
				CLANG_WARN_DOCUMENTATION_COMMENTS = YES;
				CLANG_WARN_EMPTY_BODY = YES;
				CLANG_WARN_ENUM_CONVERSION = YES;
				CLANG_WARN_INFINITE_RECURSION = YES;
				CLANG_WARN_INT_CONVERSION = YES;
				CLANG_WARN_NON_LITERAL_NULL_CONVERSION = YES;
				CLANG_WARN_OBJC_IMPLICIT_RETAIN_SELF = YES;
				CLANG_WARN_OBJC_LITERAL_CONVERSION = YES;
				CLANG_WARN_OBJC_ROOT_CLASS = YES_ERROR;
				CLANG_WARN_QUOTED_INCLUDE_IN_FRAMEWORK_HEADER = YES;
				CLANG_WARN_RANGE_LOOP_ANALYSIS = YES;
				CLANG_WARN_STRICT_PROTOTYPES = YES;
				CLANG_WARN_SUSPICIOUS_MOVE = YES;
				CLANG_WARN_UNGUARDED_AVAILABILITY = YES_AGGRESSIVE;
				CLANG_WARN_UNREACHABLE_CODE = YES;
				CLANG_WARN__DUPLICATE_METHOD_MATCH = YES;
				COPY_PHASE_STRIP = NO;
				DEBUG_INFORMATION_FORMAT = "dwarf-with-dsym";
				ENABLE_NS_ASSERTIONS = NO;
				ENABLE_STRICT_OBJC_MSGSEND = YES;
				GCC_C_LANGUAGE_STANDARD = gnu11;
				GCC_NO_COMMON_BLOCKS = YES;
				GCC_WARN_64_TO_32_BIT_CONVERSION = YES;
				GCC_WARN_ABOUT_RETURN_TYPE = YES_ERROR;
				GCC_WARN_UNDECLARED_SELECTOR = YES;
				GCC_WARN_UNINITIALIZED_AUTOS = YES_AGGRESSIVE;
				GCC_WARN_UNUSED_FUNCTION = YES;
				GCC_WARN_UNUSED_VARIABLE = YES;
				IPHONEOS_DEPLOYMENT_TARGET = 15.4;
				MTL_ENABLE_DEBUG_INFO = NO;
				MTL_FAST_MATH = YES;
				SDKROOT = iphoneos;
				SWIFT_COMPILATION_MODE = wholemodule;
				SWIFT_OPTIMIZATION_LEVEL = "-O";
				VALIDATE_PRODUCT = YES;
			};
			name = Release;
		};
		D6F981022815D4830073088D /* Debug */ = {
			isa = XCBuildConfiguration;
			buildSettings = {
				ASSETCATALOG_COMPILER_APPICON_NAME = AppIcon;
				ASSETCATALOG_COMPILER_GLOBAL_ACCENT_COLOR_NAME = AccentColor;
				CODE_SIGN_ENTITLEMENTS = TrashMob/TrashMob.entitlements;
				CODE_SIGN_STYLE = Automatic;
				CURRENT_PROJECT_VERSION = 1;
				DEVELOPMENT_ASSET_PATHS = "\"TrashMob/Preview Content\"";
				DEVELOPMENT_TEAM = 588PCRUA35;
				ENABLE_PREVIEWS = YES;
				GENERATE_INFOPLIST_FILE = YES;
				INFOPLIST_KEY_UIApplicationSceneManifest_Generation = YES;
				INFOPLIST_KEY_UIApplicationSupportsIndirectInputEvents = YES;
				INFOPLIST_KEY_UILaunchScreen_Generation = YES;
				INFOPLIST_KEY_UISupportedInterfaceOrientations_iPad = "UIInterfaceOrientationPortrait UIInterfaceOrientationPortraitUpsideDown UIInterfaceOrientationLandscapeLeft UIInterfaceOrientationLandscapeRight";
				INFOPLIST_KEY_UISupportedInterfaceOrientations_iPhone = "UIInterfaceOrientationPortrait UIInterfaceOrientationLandscapeLeft UIInterfaceOrientationLandscapeRight";
				LD_RUNPATH_SEARCH_PATHS = (
					"$(inherited)",
					"@executable_path/Frameworks",
				);
				MARKETING_VERSION = 1.0;
				PRODUCT_BUNDLE_IDENTIFIER = com.academy.TrashMob;
				PRODUCT_NAME = "$(TARGET_NAME)";
				SWIFT_EMIT_LOC_STRINGS = YES;
				SWIFT_VERSION = 5.0;
				TARGETED_DEVICE_FAMILY = "1,2";
			};
			name = Debug;
		};
		D6F981032815D4830073088D /* Release */ = {
			isa = XCBuildConfiguration;
			buildSettings = {
				ASSETCATALOG_COMPILER_APPICON_NAME = AppIcon;
				ASSETCATALOG_COMPILER_GLOBAL_ACCENT_COLOR_NAME = AccentColor;
				CODE_SIGN_ENTITLEMENTS = TrashMob/TrashMob.entitlements;
				CODE_SIGN_STYLE = Automatic;
				CURRENT_PROJECT_VERSION = 1;
				DEVELOPMENT_ASSET_PATHS = "\"TrashMob/Preview Content\"";
				DEVELOPMENT_TEAM = 588PCRUA35;
				ENABLE_PREVIEWS = YES;
				GENERATE_INFOPLIST_FILE = YES;
				INFOPLIST_KEY_UIApplicationSceneManifest_Generation = YES;
				INFOPLIST_KEY_UIApplicationSupportsIndirectInputEvents = YES;
				INFOPLIST_KEY_UILaunchScreen_Generation = YES;
				INFOPLIST_KEY_UISupportedInterfaceOrientations_iPad = "UIInterfaceOrientationPortrait UIInterfaceOrientationPortraitUpsideDown UIInterfaceOrientationLandscapeLeft UIInterfaceOrientationLandscapeRight";
				INFOPLIST_KEY_UISupportedInterfaceOrientations_iPhone = "UIInterfaceOrientationPortrait UIInterfaceOrientationLandscapeLeft UIInterfaceOrientationLandscapeRight";
				LD_RUNPATH_SEARCH_PATHS = (
					"$(inherited)",
					"@executable_path/Frameworks",
				);
				MARKETING_VERSION = 1.0;
				PRODUCT_BUNDLE_IDENTIFIER = com.academy.TrashMob;
				PRODUCT_NAME = "$(TARGET_NAME)";
				SWIFT_EMIT_LOC_STRINGS = YES;
				SWIFT_VERSION = 5.0;
				TARGETED_DEVICE_FAMILY = "1,2";
			};
			name = Release;
		};
/* End XCBuildConfiguration section */

/* Begin XCConfigurationList section */
		D6F980E92815D4820073088D /* Build configuration list for PBXProject "TrashMob" */ = {
			isa = XCConfigurationList;
			buildConfigurations = (
				D6F980FF2815D4830073088D /* Debug */,
				D6F981002815D4830073088D /* Release */,
			);
			defaultConfigurationIsVisible = 0;
			defaultConfigurationName = Release;
		};
		D6F981012815D4830073088D /* Build configuration list for PBXNativeTarget "TrashMob" */ = {
			isa = XCConfigurationList;
			buildConfigurations = (
				D6F981022815D4830073088D /* Debug */,
				D6F981032815D4830073088D /* Release */,
			);
			defaultConfigurationIsVisible = 0;
			defaultConfigurationName = Release;
		};
/* End XCConfigurationList section */

/* Begin XCVersionGroup section */
		D6F980FC2815D4830073088D /* TrashMob.xcdatamodeld */ = {
			isa = XCVersionGroup;
			children = (
				D6F980FD2815D4830073088D /* TrashMob.xcdatamodel */,
			);
			currentVersion = D6F980FD2815D4830073088D /* TrashMob.xcdatamodel */;
			path = TrashMob.xcdatamodeld;
			sourceTree = "<group>";
			versionGroupType = wrapper.xcdatamodel;
		};
/* End XCVersionGroup section */
	};
	rootObject = D6F980E62815D4820073088D /* Project object */;
}
